
Microsoft Visual Studio Solution File, Format Version 12.00
# Visual Studio Version 16
VisualStudioVersion = 16.0.29709.97
MinimumVisualStudioVersion = 10.0.40219.1
Project("{9A19103F-16F7-4668-BE54-9A1E7A4F7556}") = "Linker", "Linker\Linker.csproj", "{2ED87B78-515E-4FF4-A5D0-E47308F59A86}"
EndProject
Project("{2150E333-8FDC-42A3-9474-1A3956D46DE8}") = "samples", "samples", "{01D85D6A-B2BC-4B01-A715-448AD882DA74}"
EndProject
Project("{2150E333-8FDC-42A3-9474-1A3956D46DE8}") = "src", "src", "{CBC1B8FA-7811-4187-B31F-5B8C51B2FCBA}"
EndProject
Project("{FAE04EC0-301F-11D3-BF4B-00C04F79EFBC}") = "NodeTest", "..\Node\NodeTest.csproj", "{D8D3E3E5-6861-4F8F-A4EB-8A4A67A9DAC5}"
EndProject
Project("{FAE04EC0-301F-11D3-BF4B-00C04F79EFBC}") = "PortalTest", "..\Portal\PortalTest.csproj", "{8F6125B4-1CDA-42A2-9144-D7410C5768EF}"
EndProject
Project("{D954291E-2A0B-460D-934E-DC6B0785DB48}") = "Shared", "..\Shared\Shared.shproj", "{8C3F54FE-22CE-4DF5-ADA2-C3472FAD1E72}"
EndProject
Global
	GlobalSection(SharedMSBuildProjectFiles) = preSolution
		..\Shared\Shared.projitems*{8c3f54fe-22ce-4df5-ada2-c3472fad1e72}*SharedItemsImports = 13
	EndGlobalSection
	GlobalSection(SolutionConfigurationPlatforms) = preSolution
		Debug|Any CPU = Debug|Any CPU
		Release|Any CPU = Release|Any CPU
	EndGlobalSection
	GlobalSection(ProjectConfigurationPlatforms) = postSolution
		{2ED87B78-515E-4FF4-A5D0-E47308F59A86}.Debug|Any CPU.ActiveCfg = Debug|Any CPU
		{2ED87B78-515E-4FF4-A5D0-E47308F59A86}.Debug|Any CPU.Build.0 = Debug|Any CPU
		{2ED87B78-515E-4FF4-A5D0-E47308F59A86}.Release|Any CPU.ActiveCfg = Release|Any CPU
		{2ED87B78-515E-4FF4-A5D0-E47308F59A86}.Release|Any CPU.Build.0 = Release|Any CPU
		{D8D3E3E5-6861-4F8F-A4EB-8A4A67A9DAC5}.Debug|Any CPU.ActiveCfg = Debug|Any CPU
		{D8D3E3E5-6861-4F8F-A4EB-8A4A67A9DAC5}.Debug|Any CPU.Build.0 = Debug|Any CPU
		{D8D3E3E5-6861-4F8F-A4EB-8A4A67A9DAC5}.Release|Any CPU.ActiveCfg = Release|Any CPU
		{D8D3E3E5-6861-4F8F-A4EB-8A4A67A9DAC5}.Release|Any CPU.Build.0 = Release|Any CPU
		{8F6125B4-1CDA-42A2-9144-D7410C5768EF}.Debug|Any CPU.ActiveCfg = Debug|Any CPU
		{8F6125B4-1CDA-42A2-9144-D7410C5768EF}.Debug|Any CPU.Build.0 = Debug|Any CPU
		{8F6125B4-1CDA-42A2-9144-D7410C5768EF}.Release|Any CPU.ActiveCfg = Release|Any CPU
		{8F6125B4-1CDA-42A2-9144-D7410C5768EF}.Release|Any CPU.Build.0 = Release|Any CPU
	EndGlobalSection
	GlobalSection(SolutionProperties) = preSolution
		HideSolutionNode = FALSE
	EndGlobalSection
	GlobalSection(NestedProjects) = preSolution
		{2ED87B78-515E-4FF4-A5D0-E47308F59A86} = {CBC1B8FA-7811-4187-B31F-5B8C51B2FCBA}
		{D8D3E3E5-6861-4F8F-A4EB-8A4A67A9DAC5} = {01D85D6A-B2BC-4B01-A715-448AD882DA74}
		{8F6125B4-1CDA-42A2-9144-D7410C5768EF} = {01D85D6A-B2BC-4B01-A715-448AD882DA74}
		{8C3F54FE-22CE-4DF5-ADA2-C3472FAD1E72} = {01D85D6A-B2BC-4B01-A715-448AD882DA74}
	EndGlobalSection
	GlobalSection(ExtensibilityGlobals) = postSolution
		SolutionGuid = {0B4AC548-7034-41EB-9C3E-8B78C3809D6B}
	EndGlobalSection
EndGlobal
